
Microsoft Visual Studio Solution File, Format Version 11.00
# Visual Studio 2010
Project("{FAE04EC0-301F-11D3-BF4B-00C04F79EFBC}") = "Buscadores", "Buscadores.csproj", "{DA29F2E1-2392-4EE1-B563-28E844C41738}"
EndProject
Project("{FAE04EC0-301F-11D3-BF4B-00C04F79EFBC}") = "UtilidadesDigi", "..\UtilidadesDigi\UtilidadesDigi.csproj", "{EF973B15-E68D-4FA1-9454-6433A895D63A}"
EndProject
Global
	GlobalSection(SolutionConfigurationPlatforms) = preSolution
		Debug Unicode|Any CPU = Debug Unicode|Any CPU
		Debug Unicode|x64 = Debug Unicode|x64
		Debug Unicode|x86 = Debug Unicode|x86
		Debug|Any CPU = Debug|Any CPU
		Debug|x64 = Debug|x64
		Debug|x86 = Debug|x86
		Release|Any CPU = Release|Any CPU
		Release|x64 = Release|x64
		Release|x86 = Release|x86
	EndGlobalSection
	GlobalSection(ProjectConfigurationPlatforms) = postSolution
		{DA29F2E1-2392-4EE1-B563-28E844C41738}.Debug Unicode|Any CPU.ActiveCfg = Debug|x64
		{DA29F2E1-2392-4EE1-B563-28E844C41738}.Debug Unicode|x64.ActiveCfg = Debug|x64
		{DA29F2E1-2392-4EE1-B563-28E844C41738}.Debug Unicode|x64.Build.0 = Debug|x64
		{DA29F2E1-2392-4EE1-B563-28E844C41738}.Debug Unicode|x86.ActiveCfg = Debug|x64
		{DA29F2E1-2392-4EE1-B563-28E844C41738}.Debug|Any CPU.ActiveCfg = Debug|Any CPU
		{DA29F2E1-2392-4EE1-B563-28E844C41738}.Debug|Any CPU.Build.0 = Debug|Any CPU
		{DA29F2E1-2392-4EE1-B563-28E844C41738}.Debug|x64.ActiveCfg = Debug|x64
		{DA29F2E1-2392-4EE1-B563-28E844C41738}.Debug|x64.Build.0 = Debug|x64
		{DA29F2E1-2392-4EE1-B563-28E844C41738}.Debug|x86.ActiveCfg = Debug|x86
		{DA29F2E1-2392-4EE1-B563-28E844C41738}.Debug|x86.Build.0 = Debug|x86
		{DA29F2E1-2392-4EE1-B563-28E844C41738}.Release|Any CPU.ActiveCfg = Release|Any CPU
		{DA29F2E1-2392-4EE1-B563-28E844C41738}.Release|Any CPU.Build.0 = Release|Any CPU
		{DA29F2E1-2392-4EE1-B563-28E844C41738}.Release|x64.ActiveCfg = Release|x64
		{DA29F2E1-2392-4EE1-B563-28E844C41738}.Release|x64.Build.0 = Release|x64
		{DA29F2E1-2392-4EE1-B563-28E844C41738}.Release|x86.ActiveCfg = Release|x86
		{DA29F2E1-2392-4EE1-B563-28E844C41738}.Release|x86.Build.0 = Release|x86
		{EF973B15-E68D-4FA1-9454-6433A895D63A}.Debug Unicode|Any CPU.ActiveCfg = Debug Unicode|Any CPU
		{EF973B15-E68D-4FA1-9454-6433A895D63A}.Debug Unicode|Any CPU.Build.0 = Debug Unicode|Any CPU
		{EF973B15-E68D-4FA1-9454-6433A895D63A}.Debug Unicode|x64.ActiveCfg = Debug Unicode|x64
		{EF973B15-E68D-4FA1-9454-6433A895D63A}.Debug Unicode|x64.Build.0 = Debug Unicode|x64
		{EF973B15-E68D-4FA1-9454-6433A895D63A}.Debug Unicode|x86.ActiveCfg = Debug Unicode|x86
		{EF973B15-E68D-4FA1-9454-6433A895D63A}.Debug Unicode|x86.Build.0 = Debug Unicode|x86
		{EF973B15-E68D-4FA1-9454-6433A895D63A}.Debug|Any CPU.ActiveCfg = Debug|Any CPU
		{EF973B15-E68D-4FA1-9454-6433A895D63A}.Debug|Any CPU.Build.0 = Debug|Any CPU
		{EF973B15-E68D-4FA1-9454-6433A895D63A}.Debug|x64.ActiveCfg = Debug|x64
		{EF973B15-E68D-4FA1-9454-6433A895D63A}.Debug|x64.Build.0 = Debug|x64
		{EF973B15-E68D-4FA1-9454-6433A895D63A}.Debug|x86.ActiveCfg = Debug|x86
		{EF973B15-E68D-4FA1-9454-6433A895D63A}.Debug|x86.Build.0 = Debug|x86
		{EF973B15-E68D-4FA1-9454-6433A895D63A}.Release|Any CPU.ActiveCfg = Release|Any CPU
		{EF973B15-E68D-4FA1-9454-6433A895D63A}.Release|Any CPU.Build.0 = Release|Any CPU
		{EF973B15-E68D-4FA1-9454-6433A895D63A}.Release|x64.ActiveCfg = Release|x64
		{EF973B15-E68D-4FA1-9454-6433A895D63A}.Release|x64.Build.0 = Release|x64
		{EF973B15-E68D-4FA1-9454-6433A895D63A}.Release|x86.ActiveCfg = Release|x86
		{EF973B15-E68D-4FA1-9454-6433A895D63A}.Release|x86.Build.0 = Release|x86
	EndGlobalSection
	GlobalSection(SolutionProperties) = preSolution
		HideSolutionNode = FALSE
	EndGlobalSection
EndGlobal
