
Microsoft Visual Studio Solution File, Format Version 12.00
# Visual Studio 15
VisualStudioVersion = 15.0.27703.2026
MinimumVisualStudioVersion = 10.0.40219.1
Project("{FAE04EC0-301F-11D3-BF4B-00C04F79EFBC}") = "DigiNG.Search", "DigiNG.Search.csproj", "{DA29F2E1-2392-4EE1-B563-28E844C41738}"
EndProject
Global
	GlobalSection(SolutionConfigurationPlatforms) = preSolution
		Debug|Any CPU = Debug|Any CPU
		Release|Any CPU = Release|Any CPU
	EndGlobalSection
	GlobalSection(ProjectConfigurationPlatforms) = postSolution
		{DA29F2E1-2392-4EE1-B563-28E844C41738}.Debug|Any CPU.ActiveCfg = Debug|Any CPU
		{DA29F2E1-2392-4EE1-B563-28E844C41738}.Debug|Any CPU.Build.0 = Debug|Any CPU
		{DA29F2E1-2392-4EE1-B563-28E844C41738}.Release|Any CPU.ActiveCfg = Release|Any CPU
	EndGlobalSection
	GlobalSection(SolutionProperties) = preSolution
		HideSolutionNode = FALSE
	EndGlobalSection
	GlobalSection(ExtensibilityGlobals) = postSolution
		SolutionGuid = {836730E0-E2D9-4F58-9E03-0DABB53E796B}
	EndGlobalSection
EndGlobal
